{
  "name": "cwlib",
  "version": "0.1.0",
  "lockfileVersion": 2,
  "requires": true,
  "packages": {
    "": {
      "name": "cwlib",
      "version": "0.1.0",
      "license": "ISC",
      "dependencies": {
        "cwlib": "github:amsmiles/cwlib"
      }
    },
    "node_modules/cwlib": {
      "version": "0.1.0",
      "resolved": "git+ssh://git@github.com/amsmiles/cwlib.git#804c3008599f111ebb80fa4f3e5da2a7005a41af",
      "license": "ISC"
    }
  },
  "dependencies": {
    "cwlib": {
      "version": "git+ssh://git@github.com/amsmiles/cwlib.git#804c3008599f111ebb80fa4f3e5da2a7005a41af",
      "from": "cwlib@amsmiles/cwlib"
    }
  }
}
